
Microsoft Visual Studio Solution File, Format Version 11.00
# Visual Studio 2010
Project("{FAE04EC0-301F-11D3-BF4B-00C04F79EFBC}") = "Assembly-CSharp", "Assembly-CSharp.csproj", "{EB293765-49D0-9A17-7940-AF64C4833336}"
EndProject
Project("{FAE04EC0-301F-11D3-BF4B-00C04F79EFBC}") = "Assembly-CSharp-Editor", "Assembly-CSharp-Editor.csproj", "{90D94B5E-A12E-2046-C85A-3CD63AB67373}"
EndProject
Global
	GlobalSection(SolutionConfigurationPlatforms) = preSolution
		Debug|Any CPU = Debug|Any CPU
		Release|Any CPU = Release|Any CPU
	EndGlobalSection
	GlobalSection(ProjectConfigurationPlatforms) = postSolution
		{EB293765-49D0-9A17-7940-AF64C4833336}.Debug|Any CPU.ActiveCfg = Debug|Any CPU
		{EB293765-49D0-9A17-7940-AF64C4833336}.Debug|Any CPU.Build.0 = Debug|Any CPU
		{EB293765-49D0-9A17-7940-AF64C4833336}.Release|Any CPU.ActiveCfg = Release|Any CPU
		{EB293765-49D0-9A17-7940-AF64C4833336}.Release|Any CPU.Build.0 = Release|Any CPU
		{90D94B5E-A12E-2046-C85A-3CD63AB67373}.Debug|Any CPU.ActiveCfg = Debug|Any CPU
		{90D94B5E-A12E-2046-C85A-3CD63AB67373}.Debug|Any CPU.Build.0 = Debug|Any CPU
		{90D94B5E-A12E-2046-C85A-3CD63AB67373}.Release|Any CPU.ActiveCfg = Release|Any CPU
		{90D94B5E-A12E-2046-C85A-3CD63AB67373}.Release|Any CPU.Build.0 = Release|Any CPU
	EndGlobalSection
	GlobalSection(SolutionProperties) = preSolution
		HideSolutionNode = FALSE
	EndGlobalSection
EndGlobal
